# THIS IS AN AUTOGENERATED FILE. DO NOT EDIT THIS FILE DIRECTLY.
# yarn lockfile v1


"@ngrx/schematics@~12.4.0":
  version "12.4.0"
  resolved "https://registry.yarnpkg.com/@ngrx/schematics/-/schematics-12.4.0.tgz#52985318669f20871419fd41f299178dda8eda43"
  integrity sha512-+dkQQSZTCzt85gPhAtYByBYzYwvw/uO2RsFuPaLM5ZThbfK1JMtoaWegiIOd1lu/mvtYelc9EskLLyXSuEYBHQ==
